// !$*UTF8*$!
{
	archiveVersion = 1;
	classes = {
	};
	objectVersion = 46;
	objects = {

/* Begin PBXBuildFile section */
		55C5F1651A5FD6760084C464 /* AppDelegate.swift in Sources */ = {isa = PBXBuildFile; fileRef = 55C5F1641A5FD6760084C464 /* AppDelegate.swift */; };
		55C5F1671A5FD6760084C464 /* FirstViewController.swift in Sources */ = {isa = PBXBuildFile; fileRef = 55C5F1661A5FD6760084C464 /* FirstViewController.swift */; };
		55C5F1691A5FD6760084C464 /* SecondViewController.swift in Sources */ = {isa = PBXBuildFile; fileRef = 55C5F1681A5FD6760084C464 /* SecondViewController.swift */; };
		55C5F16C1A5FD6760084C464 /* Main.storyboard in Resources */ = {isa = PBXBuildFile; fileRef = 55C5F16A1A5FD6760084C464 /* Main.storyboard */; };
		55C5F16E1A5FD6760084C464 /* Images.xcassets in Resources */ = {isa = PBXBuildFile; fileRef = 55C5F16D1A5FD6760084C464 /* Images.xcassets */; };
		55C5F1711A5FD6760084C464 /* LaunchScreen.xib in Resources */ = {isa = PBXBuildFile; fileRef = 55C5F16F1A5FD6760084C464 /* LaunchScreen.xib */; };
		55C5F17D1A5FD6760084C464 /* To_Do_ListTests.swift in Sources */ = {isa = PBXBuildFile; fileRef = 55C5F17C1A5FD6760084C464 /* To_Do_ListTests.swift */; };
/* End PBXBuildFile section */

/* Begin PBXContainerItemProxy section */
		55C5F1771A5FD6760084C464 /* PBXContainerItemProxy */ = {
			isa = PBXContainerItemProxy;
			containerPortal = 55C5F1571A5FD6760084C464 /* Project object */;
			proxyType = 1;
			remoteGlobalIDString = 55C5F15E1A5FD6760084C464;
			remoteInfo = "To Do List";
		};
/* End PBXContainerItemProxy section */

/* Begin PBXFileReference section */
		55C5F15F1A5FD6760084C464 /* To Do List.app */ = {isa = PBXFileReference; explicitFileType = wrapper.application; includeInIndex = 0; path = "To Do List.app"; sourceTree = BUILT_PRODUCTS_DIR; };
		55C5F1631A5FD6760084C464 /* Info.plist */ = {isa = PBXFileReference; lastKnownFileType = text.plist.xml; path = Info.plist; sourceTree = "<group>"; };
		55C5F1641A5FD6760084C464 /* AppDelegate.swift */ = {isa = PBXFileReference; lastKnownFileType = sourcecode.swift; path = AppDelegate.swift; sourceTree = "<group>"; };
		55C5F1661A5FD6760084C464 /* FirstViewController.swift */ = {isa = PBXFileReference; lastKnownFileType = sourcecode.swift; path = FirstViewController.swift; sourceTree = "<group>"; };
		55C5F1681A5FD6760084C464 /* SecondViewController.swift */ = {isa = PBXFileReference; lastKnownFileType = sourcecode.swift; path = SecondViewController.swift; sourceTree = "<group>"; };
		55C5F16B1A5FD6760084C464 /* Base */ = {isa = PBXFileReference; lastKnownFileType = file.storyboard; name = Base; path = Base.lproj/Main.storyboard; sourceTree = "<group>"; };
		55C5F16D1A5FD6760084C464 /* Images.xcassets */ = {isa = PBXFileReference; lastKnownFileType = folder.assetcatalog; path = Images.xcassets; sourceTree = "<group>"; };
		55C5F1701A5FD6760084C464 /* Base */ = {isa = PBXFileReference; lastKnownFileType = file.xib; name = Base; path = Base.lproj/LaunchScreen.xib; sourceTree = "<group>"; };
		55C5F1761A5FD6760084C464 /* To Do ListTests.xctest */ = {isa = PBXFileReference; explicitFileType = wrapper.cfbundle; includeInIndex = 0; path = "To Do ListTests.xctest"; sourceTree = BUILT_PRODUCTS_DIR; };
		55C5F17B1A5FD6760084C464 /* Info.plist */ = {isa = PBXFileReference; lastKnownFileType = text.plist.xml; path = Info.plist; sourceTree = "<group>"; };
		55C5F17C1A5FD6760084C464 /* To_Do_ListTests.swift */ = {isa = PBXFileReference; lastKnownFileType = sourcecode.swift; path = To_Do_ListTests.swift; sourceTree = "<group>"; };
/* End PBXFileReference section */

/* Begin PBXFrameworksBuildPhase section */
		55C5F15C1A5FD6760084C464 /* Frameworks */ = {
			isa = PBXFrameworksBuildPhase;
			buildActionMask = 2147483647;
			files = (
			);
			runOnlyForDeploymentPostprocessing = 0;
		};
		55C5F1731A5FD6760084C464 /* Frameworks */ = {
			isa = PBXFrameworksBuildPhase;
			buildActionMask = 2147483647;
			files = (
			);
			runOnlyForDeploymentPostprocessing = 0;
		};
/* End PBXFrameworksBuildPhase section */

/* Begin PBXGroup section */
		55C5F1561A5FD6760084C464 = {
			isa = PBXGroup;
			children = (
				55C5F1611A5FD6760084C464 /* To Do List */,
				55C5F1791A5FD6760084C464 /* To Do ListTests */,
				55C5F1601A5FD6760084C464 /* Products */,
			);
			sourceTree = "<group>";
		};
		55C5F1601A5FD6760084C464 /* Products */ = {
			isa = PBXGroup;
			children = (
				55C5F15F1A5FD6760084C464 /* To Do List.app */,
				55C5F1761A5FD6760084C464 /* To Do ListTests.xctest */,
			);
			name = Products;
			sourceTree = "<group>";
		};
		55C5F1611A5FD6760084C464 /* To Do List */ = {
			isa = PBXGroup;
			children = (
				55C5F1641A5FD6760084C464 /* AppDelegate.swift */,
				55C5F1661A5FD6760084C464 /* FirstViewController.swift */,
				55C5F1681A5FD6760084C464 /* SecondViewController.swift */,
				55C5F16A1A5FD6760084C464 /* Main.storyboard */,
				55C5F16D1A5FD6760084C464 /* Images.xcassets */,
				55C5F16F1A5FD6760084C464 /* LaunchScreen.xib */,
				55C5F1621A5FD6760084C464 /* Supporting Files */,
			);
			path = "To Do List";
			sourceTree = "<group>";
		};
		55C5F1621A5FD6760084C464 /* Supporting Files */ = {
			isa = PBXGroup;
			children = (
				55C5F1631A5FD6760084C464 /* Info.plist */,
			);
			name = "Supporting Files";
			sourceTree = "<group>";
		};
		55C5F1791A5FD6760084C464 /* To Do ListTests */ = {
			isa = PBXGroup;
			children = (
				55C5F17C1A5FD6760084C464 /* To_Do_ListTests.swift */,
				55C5F17A1A5FD6760084C464 /* Supporting Files */,
			);
			path = "To Do ListTests";
			sourceTree = "<group>";
		};
		55C5F17A1A5FD6760084C464 /* Supporting Files */ = {
			isa = PBXGroup;
			children = (
				55C5F17B1A5FD6760084C464 /* Info.plist */,
			);
			name = "Supporting Files";
			sourceTree = "<group>";
		};
/* End PBXGroup section */

/* Begin PBXNativeTarget section */
		55C5F15E1A5FD6760084C464 /* To Do List */ = {
			isa = PBXNativeTarget;
			buildConfigurationList = 55C5F1801A5FD6760084C464 /* Build configuration list for PBXNativeTarget "To Do List" */;
			buildPhases = (
				55C5F15B1A5FD6760084C464 /* Sources */,
				55C5F15C1A5FD6760084C464 /* Frameworks */,
				55C5F15D1A5FD6760084C464 /* Resources */,
			);
			buildRules = (
			);
			dependencies = (
			);
			name = "To Do List";
			productName = "To Do List";
			productReference = 55C5F15F1A5FD6760084C464 /* To Do List.app */;
			productType = "com.apple.product-type.application";
		};
		55C5F1751A5FD6760084C464 /* To Do ListTests */ = {
			isa = PBXNativeTarget;
			buildConfigurationList = 55C5F1831A5FD6760084C464 /* Build configuration list for PBXNativeTarget "To Do ListTests" */;
			buildPhases = (
				55C5F1721A5FD6760084C464 /* Sources */,
				55C5F1731A5FD6760084C464 /* Frameworks */,
				55C5F1741A5FD6760084C464 /* Resources */,
			);
			buildRules = (
			);
			dependencies = (
				55C5F1781A5FD6760084C464 /* PBXTargetDependency */,
			);
			name = "To Do ListTests";
			productName = "To Do ListTests";
			productReference = 55C5F1761A5FD6760084C464 /* To Do ListTests.xctest */;
			productType = "com.apple.product-type.bundle.unit-test";
		};
/* End PBXNativeTarget section */

/* Begin PBXProject section */
		55C5F1571A5FD6760084C464 /* Project object */ = {
			isa = PBXProject;
			attributes = {
				LastUpgradeCheck = 0610;
				ORGANIZATIONNAME = "Legua Soft Games";
				TargetAttributes = {
					55C5F15E1A5FD6760084C464 = {
						CreatedOnToolsVersion = 6.1.1;
					};
					55C5F1751A5FD6760084C464 = {
						CreatedOnToolsVersion = 6.1.1;
						TestTargetID = 55C5F15E1A5FD6760084C464;
					};
				};
			};
			buildConfigurationList = 55C5F15A1A5FD6760084C464 /* Build configuration list for PBXProject "To Do List" */;
			compatibilityVersion = "Xcode 3.2";
			developmentRegion = English;
			hasScannedForEncodings = 0;
			knownRegions = (
				en,
				Base,
			);
			mainGroup = 55C5F1561A5FD6760084C464;
			productRefGroup = 55C5F1601A5FD6760084C464 /* Products */;
			projectDirPath = "";
			projectRoot = "";
			targets = (
				55C5F15E1A5FD6760084C464 /* To Do List */,
				55C5F1751A5FD6760084C464 /* To Do ListTests */,
			);
		};
/* End PBXProject section */

/* Begin PBXResourcesBuildPhase section */
		55C5F15D1A5FD6760084C464 /* Resources */ = {
			isa = PBXResourcesBuildPhase;
			buildActionMask = 2147483647;
			files = (
				55C5F16C1A5FD6760084C464 /* Main.storyboard in Resources */,
				55C5F1711A5FD6760084C464 /* LaunchScreen.xib in Resources */,
				55C5F16E1A5FD6760084C464 /* Images.xcassets in Resources */,
			);
			runOnlyForDeploymentPostprocessing = 0;
		};
		55C5F1741A5FD6760084C464 /* Resources */ = {
			isa = PBXResourcesBuildPhase;
			buildActionMask = 2147483647;
			files = (
			);
			runOnlyForDeploymentPostprocessing = 0;
		};
/* End PBXResourcesBuildPhase section */

/* Begin PBXSourcesBuildPhase section */
		55C5F15B1A5FD6760084C464 /* Sources */ = {
			isa = PBXSourcesBuildPhase;
			buildActionMask = 2147483647;
			files = (
				55C5F1691A5FD6760084C464 /* SecondViewController.swift in Sources */,
				55C5F1651A5FD6760084C464 /* AppDelegate.swift in Sources */,
				55C5F1671A5FD6760084C464 /* FirstViewController.swift in Sources */,
			);
			runOnlyForDeploymentPostprocessing = 0;
		};
		55C5F1721A5FD6760084C464 /* Sources */ = {
			isa = PBXSourcesBuildPhase;
			buildActionMask = 2147483647;
			files = (
				55C5F17D1A5FD6760084C464 /* To_Do_ListTests.swift in Sources */,
			);
			runOnlyForDeploymentPostprocessing = 0;
		};
/* End PBXSourcesBuildPhase section */

/* Begin PBXTargetDependency section */
		55C5F1781A5FD6760084C464 /* PBXTargetDependency */ = {
			isa = PBXTargetDependency;
			target = 55C5F15E1A5FD6760084C464 /* To Do List */;
			targetProxy = 55C5F1771A5FD6760084C464 /* PBXContainerItemProxy */;
		};
/* End PBXTargetDependency section */

/* Begin PBXVariantGroup section */
		55C5F16A1A5FD6760084C464 /* Main.storyboard */ = {
			isa = PBXVariantGroup;
			children = (
				55C5F16B1A5FD6760084C464 /* Base */,
			);
			name = Main.storyboard;
			sourceTree = "<group>";
		};
		55C5F16F1A5FD6760084C464 /* LaunchScreen.xib */ = {
			isa = PBXVariantGroup;
			children = (
				55C5F1701A5FD6760084C464 /* Base */,
			);
			name = LaunchScreen.xib;
			sourceTree = "<group>";
		};
/* End PBXVariantGroup section */

/* Begin XCBuildConfiguration section */
		55C5F17E1A5FD6760084C464 /* Debug */ = {
			isa = XCBuildConfiguration;
			buildSettings = {
				ALWAYS_SEARCH_USER_PATHS = NO;
				CLANG_CXX_LANGUAGE_STANDARD = "gnu++0x";
				CLANG_CXX_LIBRARY = "libc++";
				CLANG_ENABLE_MODULES = YES;
				CLANG_ENABLE_OBJC_ARC = YES;
				CLANG_WARN_BOOL_CONVERSION = YES;
				CLANG_WARN_CONSTANT_CONVERSION = YES;
				CLANG_WARN_DIRECT_OBJC_ISA_USAGE = YES_ERROR;
				CLANG_WARN_EMPTY_BODY = YES;
				CLANG_WARN_ENUM_CONVERSION = YES;
				CLANG_WARN_INT_CONVERSION = YES;
				CLANG_WARN_OBJC_ROOT_CLASS = YES_ERROR;
				CLANG_WARN_UNREACHABLE_CODE = YES;
				CLANG_WARN__DUPLICATE_METHOD_MATCH = YES;
				"CODE_SIGN_IDENTITY[sdk=iphoneos*]" = "iPhone Developer";
				COPY_PHASE_STRIP = NO;
				ENABLE_STRICT_OBJC_MSGSEND = YES;
				GCC_C_LANGUAGE_STANDARD = gnu99;
				GCC_DYNAMIC_NO_PIC = NO;
				GCC_OPTIMIZATION_LEVEL = 0;
				GCC_PREPROCESSOR_DEFINITIONS = (
					"DEBUG=1",
					"$(inherited)",
				);
				GCC_SYMBOLS_PRIVATE_EXTERN = NO;
				GCC_WARN_64_TO_32_BIT_CONVERSION = YES;
				GCC_WARN_ABOUT_RETURN_TYPE = YES_ERROR;
				GCC_WARN_UNDECLARED_SELECTOR = YES;
				GCC_WARN_UNINITIALIZED_AUTOS = YES_AGGRESSIVE;
				GCC_WARN_UNUSED_FUNCTION = YES;
				GCC_WARN_UNUSED_VARIABLE = YES;
				IPHONEOS_DEPLOYMENT_TARGET = 8.1;
				MTL_ENABLE_DEBUG_INFO = YES;
				ONLY_ACTIVE_ARCH = YES;
				SDKROOT = iphoneos;
				SWIFT_OPTIMIZATION_LEVEL = "-Onone";
			};
			name = Debug;
		};
		55C5F17F1A5FD6760084C464 /* Release */ = {
			isa = XCBuildConfiguration;
			buildSettings = {
				ALWAYS_SEARCH_USER_PATHS = NO;
				CLANG_CXX_LANGUAGE_STANDARD = "gnu++0x";
				CLANG_CXX_LIBRARY = "libc++";
				CLANG_ENABLE_MODULES = YES;
				CLANG_ENABLE_OBJC_ARC = YES;
				CLANG_WARN_BOOL_CONVERSION = YES;
				CLANG_WARN_CONSTANT_CONVERSION = YES;
				CLANG_WARN_DIRECT_OBJC_ISA_USAGE = YES_ERROR;
				CLANG_WARN_EMPTY_BODY = YES;
				CLANG_WARN_ENUM_CONVERSION = YES;
				CLANG_WARN_INT_CONVERSION = YES;
				CLANG_WARN_OBJC_ROOT_CLASS = YES_ERROR;
				CLANG_WARN_UNREACHABLE_CODE = YES;
				CLANG_WARN__DUPLICATE_METHOD_MATCH = YES;
				"CODE_SIGN_IDENTITY[sdk=iphoneos*]" = "iPhone Developer";
				COPY_PHASE_STRIP = YES;
				ENABLE_NS_ASSERTIONS = NO;
				ENABLE_STRICT_OBJC_MSGSEND = YES;
				GCC_C_LANGUAGE_STANDARD = gnu99;
				GCC_WARN_64_TO_32_BIT_CONVERSION = YES;
				GCC_WARN_ABOUT_RETURN_TYPE = YES_ERROR;
				GCC_WARN_UNDECLARED_SELECTOR = YES;
				GCC_WARN_UNINITIALIZED_AUTOS = YES_AGGRESSIVE;
				GCC_WARN_UNUSED_FUNCTION = YES;
				GCC_WARN_UNUSED_VARIABLE = YES;
				IPHONEOS_DEPLOYMENT_TARGET = 8.1;
				MTL_ENABLE_DEBUG_INFO = NO;
				SDKROOT = iphoneos;
				VALIDATE_PRODUCT = YES;
			};
			name = Release;
		};
		55C5F1811A5FD6760084C464 /* Debug */ = {
			isa = XCBuildConfiguration;
			buildSettings = {
				ASSETCATALOG_COMPILER_APPICON_NAME = AppIcon;
				INFOPLIST_FILE = "To Do List/Info.plist";
				LD_RUNPATH_SEARCH_PATHS = "$(inherited) @executable_path/Frameworks";
				PRODUCT_NAME = "$(TARGET_NAME)";
			};
			name = Debug;
		};
		55C5F1821A5FD6760084C464 /* Release */ = {
			isa = XCBuildConfiguration;
			buildSettings = {
				ASSETCATALOG_COMPILER_APPICON_NAME = AppIcon;
				INFOPLIST_FILE = "To Do List/Info.plist";
				LD_RUNPATH_SEARCH_PATHS = "$(inherited) @executable_path/Frameworks";
				PRODUCT_NAME = "$(TARGET_NAME)";
			};
			name = Release;
		};
		55C5F1841A5FD6760084C464 /* Debug */ = {
			isa = XCBuildConfiguration;
			buildSettings = {
				BUNDLE_LOADER = "$(TEST_HOST)";
				FRAMEWORK_SEARCH_PATHS = (
					"$(SDKROOT)/Developer/Library/Frameworks",
					"$(inherited)",
				);
				GCC_PREPROCESSOR_DEFINITIONS = (
					"DEBUG=1",
					"$(inherited)",
				);
				INFOPLIST_FILE = "To Do ListTests/Info.plist";
				LD_RUNPATH_SEARCH_PATHS = "$(inherited) @executable_path/Frameworks @loader_path/Frameworks";
				PRODUCT_NAME = "$(TARGET_NAME)";
				TEST_HOST = "$(BUILT_PRODUCTS_DIR)/To Do List.app/To Do List";
			};
			name = Debug;
		};
		55C5F1851A5FD6760084C464 /* Release */ = {
			isa = XCBuildConfiguration;
			buildSettings = {
				BUNDLE_LOADER = "$(TEST_HOST)";
				FRAMEWORK_SEARCH_PATHS = (
					"$(SDKROOT)/Developer/Library/Frameworks",
					"$(inherited)",
				);
				INFOPLIST_FILE = "To Do ListTests/Info.plist";
				LD_RUNPATH_SEARCH_PATHS = "$(inherited) @executable_path/Frameworks @loader_path/Frameworks";
				PRODUCT_NAME = "$(TARGET_NAME)";
				TEST_HOST = "$(BUILT_PRODUCTS_DIR)/To Do List.app/To Do List";
			};
			name = Release;
		};
/* End XCBuildConfiguration section */

/* Begin XCConfigurationList section */
		55C5F15A1A5FD6760084C464 /* Build configuration list for PBXProject "To Do List" */ = {
			isa = XCConfigurationList;
			buildConfigurations = (
				55C5F17E1A5FD6760084C464 /* Debug */,
				55C5F17F1A5FD6760084C464 /* Release */,
			);
			defaultConfigurationIsVisible = 0;
			defaultConfigurationName = Release;
		};
		55C5F1801A5FD6760084C464 /* Build configuration list for PBXNativeTarget "To Do List" */ = {
			isa = XCConfigurationList;
			buildConfigurations = (
				55C5F1811A5FD6760084C464 /* Debug */,
				55C5F1821A5FD6760084C464 /* Release */,
			);
			defaultConfigurationIsVisible = 0;
		};
		55C5F1831A5FD6760084C464 /* Build configuration list for PBXNativeTarget "To Do ListTests" */ = {
			isa = XCConfigurationList;
			buildConfigurations = (
				55C5F1841A5FD6760084C464 /* Debug */,
				55C5F1851A5FD6760084C464 /* Release */,
			);
			defaultConfigurationIsVisible = 0;
		};
/* End XCConfigurationList section */
	};
	rootObject = 55C5F1571A5FD6760084C464 /* Project object */;
}
